
Microsoft Visual Studio Solution File, Format Version 12.00
# Visual Studio 15
VisualStudioVersion = 15.0.28010.2048
MinimumVisualStudioVersion = 10.0.40219.1
Project("{FAE04EC0-301F-11D3-BF4B-00C04F79EFBC}") = "SharedProject", "SharedProject\SharedProject.csproj", "{EA4A67EB-8D34-4F8A-ADAA-B79E6D473ADA}"
EndProject
Global
	GlobalSection(SolutionConfigurationPlatforms) = preSolution
		Debug|Any CPU = Debug|Any CPU
		Release|Any CPU = Release|Any CPU
	EndGlobalSection
	GlobalSection(ProjectConfigurationPlatforms) = postSolution
		{EA4A67EB-8D34-4F8A-ADAA-B79E6D473ADA}.Debug|Any CPU.ActiveCfg = Debug|Any CPU
		{EA4A67EB-8D34-4F8A-ADAA-B79E6D473ADA}.Debug|Any CPU.Build.0 = Debug|Any CPU
		{EA4A67EB-8D34-4F8A-ADAA-B79E6D473ADA}.Release|Any CPU.ActiveCfg = Release|Any CPU
		{EA4A67EB-8D34-4F8A-ADAA-B79E6D473ADA}.Release|Any CPU.Build.0 = Release|Any CPU
	EndGlobalSection
	GlobalSection(SolutionProperties) = preSolution
		HideSolutionNode = FALSE
	EndGlobalSection
	GlobalSection(ExtensibilityGlobals) = postSolution
		SolutionGuid = {54193CB4-705B-43A6-9336-C16AFD9FD695}
	EndGlobalSection
EndGlobal
